
Microsoft Visual Studio Solution File, Format Version 12.00
# Visual Studio Version 17
VisualStudioVersion = 17.0.31919.166
MinimumVisualStudioVersion = 10.0.40219.1
Project("{2150E333-8FDC-42A3-9474-1A3956D46DE8}") = "00 Common", "00 Common", "{5D987D38-A698-4288-9017-97293B3EE96C}"
EndProject
Project("{2150E333-8FDC-42A3-9474-1A3956D46DE8}") = "01 Api", "01 Api", "{4FE40ED7-6C28-491C-808B-818B5A14D7A8}"
EndProject
Project("{2150E333-8FDC-42A3-9474-1A3956D46DE8}") = "02 Services", "02 Services", "{1C632BB0-A937-45FC-9014-490FAD77CA10}"
EndProject
Project("{2150E333-8FDC-42A3-9474-1A3956D46DE8}") = "03 Repository", "03 Repository", "{76C2C42F-A06F-4D78-975E-E4B527C450D3}"
EndProject
Project("{FAE04EC0-301F-11D3-BF4B-00C04F79EFBC}") = "SAM.Core.CQRS", "00 Common\SAM.Core.CQRS\SAM.Core.CQRS.csproj", "{166B0738-776C-46E4-8A60-B314A403CAE7}"
EndProject
Project("{FAE04EC0-301F-11D3-BF4B-00C04F79EFBC}") = "SAM.API", "01 Api\SAM.API\SAM.API.csproj", "{B59F76C4-4884-46B1-A392-EFD300CF2B5E}"
EndProject
Project("{FAE04EC0-301F-11D3-BF4B-00C04F79EFBC}") = "SAM.Patient", "02 Services\SAM.Patient\SAM.Patient.csproj", "{A7399C64-6338-428E-B488-B83E7F09E907}"
EndProject
Project("{FAE04EC0-301F-11D3-BF4B-00C04F79EFBC}") = "SAM.Search", "02 Services\SAM.Search\SAM.Search.csproj", "{E5E47DFF-4255-428A-B04B-8F7C840B3D2C}"
EndProject
Project("{FAE04EC0-301F-11D3-BF4B-00C04F79EFBC}") = "SAM.Repository", "03 Repository\SAM.Repository\SAM.Repository.csproj", "{D88983FD-F2B3-4303-AEBD-61043B45DB3F}"
EndProject
Global
	GlobalSection(SolutionConfigurationPlatforms) = preSolution
		Debug|Any CPU = Debug|Any CPU
		Release|Any CPU = Release|Any CPU
	EndGlobalSection
	GlobalSection(ProjectConfigurationPlatforms) = postSolution
		{166B0738-776C-46E4-8A60-B314A403CAE7}.Debug|Any CPU.ActiveCfg = Debug|Any CPU
		{166B0738-776C-46E4-8A60-B314A403CAE7}.Debug|Any CPU.Build.0 = Debug|Any CPU
		{166B0738-776C-46E4-8A60-B314A403CAE7}.Release|Any CPU.ActiveCfg = Release|Any CPU
		{166B0738-776C-46E4-8A60-B314A403CAE7}.Release|Any CPU.Build.0 = Release|Any CPU
		{B59F76C4-4884-46B1-A392-EFD300CF2B5E}.Debug|Any CPU.ActiveCfg = Debug|Any CPU
		{B59F76C4-4884-46B1-A392-EFD300CF2B5E}.Debug|Any CPU.Build.0 = Debug|Any CPU
		{B59F76C4-4884-46B1-A392-EFD300CF2B5E}.Release|Any CPU.ActiveCfg = Release|Any CPU
		{B59F76C4-4884-46B1-A392-EFD300CF2B5E}.Release|Any CPU.Build.0 = Release|Any CPU
		{A7399C64-6338-428E-B488-B83E7F09E907}.Debug|Any CPU.ActiveCfg = Debug|Any CPU
		{A7399C64-6338-428E-B488-B83E7F09E907}.Debug|Any CPU.Build.0 = Debug|Any CPU
		{A7399C64-6338-428E-B488-B83E7F09E907}.Release|Any CPU.ActiveCfg = Release|Any CPU
		{A7399C64-6338-428E-B488-B83E7F09E907}.Release|Any CPU.Build.0 = Release|Any CPU
		{E5E47DFF-4255-428A-B04B-8F7C840B3D2C}.Debug|Any CPU.ActiveCfg = Debug|Any CPU
		{E5E47DFF-4255-428A-B04B-8F7C840B3D2C}.Debug|Any CPU.Build.0 = Debug|Any CPU
		{E5E47DFF-4255-428A-B04B-8F7C840B3D2C}.Release|Any CPU.ActiveCfg = Release|Any CPU
		{E5E47DFF-4255-428A-B04B-8F7C840B3D2C}.Release|Any CPU.Build.0 = Release|Any CPU
		{D88983FD-F2B3-4303-AEBD-61043B45DB3F}.Debug|Any CPU.ActiveCfg = Debug|Any CPU
		{D88983FD-F2B3-4303-AEBD-61043B45DB3F}.Debug|Any CPU.Build.0 = Debug|Any CPU
		{D88983FD-F2B3-4303-AEBD-61043B45DB3F}.Release|Any CPU.ActiveCfg = Release|Any CPU
		{D88983FD-F2B3-4303-AEBD-61043B45DB3F}.Release|Any CPU.Build.0 = Release|Any CPU
	EndGlobalSection
	GlobalSection(SolutionProperties) = preSolution
		HideSolutionNode = FALSE
	EndGlobalSection
	GlobalSection(NestedProjects) = preSolution
		{166B0738-776C-46E4-8A60-B314A403CAE7} = {5D987D38-A698-4288-9017-97293B3EE96C}
		{B59F76C4-4884-46B1-A392-EFD300CF2B5E} = {4FE40ED7-6C28-491C-808B-818B5A14D7A8}
		{A7399C64-6338-428E-B488-B83E7F09E907} = {1C632BB0-A937-45FC-9014-490FAD77CA10}
		{E5E47DFF-4255-428A-B04B-8F7C840B3D2C} = {1C632BB0-A937-45FC-9014-490FAD77CA10}
		{D88983FD-F2B3-4303-AEBD-61043B45DB3F} = {76C2C42F-A06F-4D78-975E-E4B527C450D3}
	EndGlobalSection
	GlobalSection(ExtensibilityGlobals) = postSolution
		SolutionGuid = {24F01FE5-BCF1-49EA-BA2D-6B221FB6F762}
	EndGlobalSection
EndGlobal
